
Microsoft Visual Studio Solution File, Format Version 12.00
# Visual Studio Version 16
VisualStudioVersion = 16.0.31613.86
MinimumVisualStudioVersion = 10.0.40219.1
Project("{FAE04EC0-301F-11D3-BF4B-00C04F79EFBC}") = "Isograms", "Isograms\Isograms.csproj", "{B39F1E95-4440-444A-8C28-3EB06C632DEB}"
EndProject
Global
	GlobalSection(SolutionConfigurationPlatforms) = preSolution
		Debug|Any CPU = Debug|Any CPU
		Release|Any CPU = Release|Any CPU
	EndGlobalSection
	GlobalSection(ProjectConfigurationPlatforms) = postSolution
		{B39F1E95-4440-444A-8C28-3EB06C632DEB}.Debug|Any CPU.ActiveCfg = Debug|Any CPU
		{B39F1E95-4440-444A-8C28-3EB06C632DEB}.Debug|Any CPU.Build.0 = Debug|Any CPU
		{B39F1E95-4440-444A-8C28-3EB06C632DEB}.Release|Any CPU.ActiveCfg = Release|Any CPU
		{B39F1E95-4440-444A-8C28-3EB06C632DEB}.Release|Any CPU.Build.0 = Release|Any CPU
	EndGlobalSection
	GlobalSection(SolutionProperties) = preSolution
		HideSolutionNode = FALSE
	EndGlobalSection
	GlobalSection(ExtensibilityGlobals) = postSolution
		SolutionGuid = {EB41CB8F-B0AA-4735-92BD-525E5A15C9A7}
	EndGlobalSection
EndGlobal
